{
  "nodes": {
    "nixpkgs": {
      "locked": {
        "lastModified": 1726755586,
        "narHash": "sha256-PmUr/2GQGvFTIJ6/Tvsins7Q43KTMvMFhvG6oaYK+Wk=",
        "owner": "nixos",
        "repo": "nixpkgs",
        "rev": "c04d5652cfa9742b1d519688f65d1bbccea9eb7e",
        "type": "github"
      },
      "original": {
        "owner": "nixos",
        "ref": "nixos-unstable",
        "repo": "nixpkgs",
        "type": "github"
      }
    },
    "root": {
      "inputs": {
        "nixpkgs": "nixpkgs",
        "swiftly": "swiftly",
        "treefmt-nix": "treefmt-nix"
      }
    },
    "swiftly": {
      "flake": false,
      "locked": {
        "lastModified": 1724672786,
        "narHash": "sha256-LHQ/Q6kb3eZJqey3+E7Cxqxn7dpg5GzWtGWt/efz+Io=",
        "owner": "swiftlang",
        "repo": "swiftly",
        "rev": "a7ef9e838b21b7f2836f318e67b4bffa6bee259f",
        "type": "github"
      },
      "original": {
        "owner": "swiftlang",
        "ref": "main",
        "repo": "swiftly",
        "type": "github"
      }
    },
    "treefmt-nix": {
      "inputs": {
        "nixpkgs": [
          "nixpkgs"
        ]
      },
      "locked": {
        "lastModified": 1726734507,
        "narHash": "sha256-VUH5O5AcOSxb0uL/m34dDkxFKP6WLQ6y4I1B4+N3L2w=",
        "owner": "numtide",
        "repo": "treefmt-nix",
        "rev": "ee41a466c2255a3abe6bc50fc6be927cdee57a9f",
        "type": "github"
      },
      "original": {
        "owner": "numtide",
        "repo": "treefmt-nix",
        "type": "github"
      }
    }
  },
  "root": "root",
  "version": 7
}
