{
  "nodes": {
    "nixpkgs": {
      "locked": {
        "lastModified": 1721379653,
        "narHash": "sha256-8MUgifkJ7lkZs3u99UDZMB4kbOxvMEXQZ31FO3SopZ0=",
        "owner": "nixos",
        "repo": "nixpkgs",
        "rev": "1d9c2c9b3e71b9ee663d11c5d298727dace8d374",
        "type": "github"
      },
      "original": {
        "owner": "nixos",
        "ref": "nixos-unstable",
        "repo": "nixpkgs",
        "type": "github"
      }
    },
    "root": {
      "inputs": {
        "nixpkgs": "nixpkgs",
        "swiftly": "swiftly",
        "treefmt-nix": "treefmt-nix"
      }
    },
    "swiftly": {
      "flake": false,
      "locked": {
        "lastModified": 1724672786,
        "narHash": "sha256-LHQ/Q6kb3eZJqey3+E7Cxqxn7dpg5GzWtGWt/efz+Io=",
        "owner": "swiftlang",
        "repo": "swiftly",
        "rev": "a7ef9e838b21b7f2836f318e67b4bffa6bee259f",
        "type": "github"
      },
      "original": {
        "owner": "swiftlang",
        "ref": "main",
        "repo": "swiftly",
        "type": "github"
      }
    },
    "treefmt-nix": {
      "inputs": {
        "nixpkgs": [
          "nixpkgs"
        ]
      },
      "locked": {
        "lastModified": 1721458737,
        "narHash": "sha256-wNXLQ/ATs1S4Opg1PmuNoJ+Wamqj93rgZYV3Di7kxkg=",
        "owner": "numtide",
        "repo": "treefmt-nix",
        "rev": "888bfb10a9b091d9ed2f5f8064de8d488f7b7c97",
        "type": "github"
      },
      "original": {
        "owner": "numtide",
        "repo": "treefmt-nix",
        "type": "github"
      }
    }
  },
  "root": "root",
  "version": 7
}
